
Microsoft Visual Studio Solution File, Format Version 12.00
# Visual Studio Version 16
VisualStudioVersion = 16.0.30804.86
MinimumVisualStudioVersion = 10.0.40219.1
Project("{9A19103F-16F7-4668-BE54-9A1E7A4F7556}") = "DanskeTest", "DanskeTest\DanskeTest.csproj", "{1FE1EAFC-FCF1-4338-94DC-C695B3098872}"
EndProject
Project("{FAE04EC0-301F-11D3-BF4B-00C04F79EFBC}") = "DanskeUnitTest", "DanskeUnitTest\DanskeUnitTest.csproj", "{89C2D790-8E08-47B7-9ACF-8305B0639AB2}"
EndProject
Global
	GlobalSection(SolutionConfigurationPlatforms) = preSolution
		Debug|Any CPU = Debug|Any CPU
		Release|Any CPU = Release|Any CPU
	EndGlobalSection
	GlobalSection(ProjectConfigurationPlatforms) = postSolution
		{1FE1EAFC-FCF1-4338-94DC-C695B3098872}.Debug|Any CPU.ActiveCfg = Debug|Any CPU
		{1FE1EAFC-FCF1-4338-94DC-C695B3098872}.Debug|Any CPU.Build.0 = Debug|Any CPU
		{1FE1EAFC-FCF1-4338-94DC-C695B3098872}.Release|Any CPU.ActiveCfg = Release|Any CPU
		{1FE1EAFC-FCF1-4338-94DC-C695B3098872}.Release|Any CPU.Build.0 = Release|Any CPU
		{89C2D790-8E08-47B7-9ACF-8305B0639AB2}.Debug|Any CPU.ActiveCfg = Debug|Any CPU
		{89C2D790-8E08-47B7-9ACF-8305B0639AB2}.Debug|Any CPU.Build.0 = Debug|Any CPU
		{89C2D790-8E08-47B7-9ACF-8305B0639AB2}.Release|Any CPU.ActiveCfg = Release|Any CPU
		{89C2D790-8E08-47B7-9ACF-8305B0639AB2}.Release|Any CPU.Build.0 = Release|Any CPU
	EndGlobalSection
	GlobalSection(SolutionProperties) = preSolution
		HideSolutionNode = FALSE
	EndGlobalSection
	GlobalSection(ExtensibilityGlobals) = postSolution
		SolutionGuid = {DA503D42-8A4F-4C53-985E-C88A597C8328}
	EndGlobalSection
EndGlobal
